
Microsoft Visual Studio Solution File, Format Version 12.00
# Visual Studio Version 17
VisualStudioVersion = 17.2.32519.379
MinimumVisualStudioVersion = 10.0.40219.1
Project("{FAE04EC0-301F-11D3-BF4B-00C04F79EFBC}") = "pryPozzoSp2", "pryPozzoSp2\pryPozzoSp2.csproj", "{40938ED3-5BA8-46F2-A7DB-986882BA581F}"
EndProject
Global
	GlobalSection(SolutionConfigurationPlatforms) = preSolution
		Debug|Any CPU = Debug|Any CPU
		Release|Any CPU = Release|Any CPU
	EndGlobalSection
	GlobalSection(ProjectConfigurationPlatforms) = postSolution
		{40938ED3-5BA8-46F2-A7DB-986882BA581F}.Debug|Any CPU.ActiveCfg = Debug|Any CPU
		{40938ED3-5BA8-46F2-A7DB-986882BA581F}.Debug|Any CPU.Build.0 = Debug|Any CPU
		{40938ED3-5BA8-46F2-A7DB-986882BA581F}.Release|Any CPU.ActiveCfg = Release|Any CPU
		{40938ED3-5BA8-46F2-A7DB-986882BA581F}.Release|Any CPU.Build.0 = Release|Any CPU
	EndGlobalSection
	GlobalSection(SolutionProperties) = preSolution
		HideSolutionNode = FALSE
	EndGlobalSection
	GlobalSection(ExtensibilityGlobals) = postSolution
		SolutionGuid = {2444B0DC-FFB0-45B2-A6F6-1839496225E0}
	EndGlobalSection
EndGlobal
